// !$*UTF8*$!
{
	archiveVersion = 1;
	classes = {
	};
	objectVersion = 56;
	objects = {

/* Begin PBXBuildFile section */
		5198BA142A66D6D5006C6299 /* MyCardApp.swift in Sources */ = {isa = PBXBuildFile; fileRef = 5198BA132A66D6D5006C6299 /* MyCardApp.swift */; };
		5198BA162A66D6D5006C6299 /* ContentView.swift in Sources */ = {isa = PBXBuildFile; fileRef = 5198BA152A66D6D5006C6299 /* ContentView.swift */; };
		5198BA182A66D6D5006C6299 /* Assets.xcassets in Resources */ = {isa = PBXBuildFile; fileRef = 5198BA172A66D6D5006C6299 /* Assets.xcassets */; };
		5198BA1C2A66D6D5006C6299 /* Preview Assets.xcassets in Resources */ = {isa = PBXBuildFile; fileRef = 5198BA1B2A66D6D5006C6299 /* Preview Assets.xcassets */; };
		5198BA262A66D6D6006C6299 /* MyCardTests.swift in Sources */ = {isa = PBXBuildFile; fileRef = 5198BA252A66D6D6006C6299 /* MyCardTests.swift */; };
		5198BA302A66D6D6006C6299 /* MyCardUITests.swift in Sources */ = {isa = PBXBuildFile; fileRef = 5198BA2F2A66D6D6006C6299 /* MyCardUITests.swift */; };
		5198BA322A66D6D6006C6299 /* MyCardUITestsLaunchTests.swift in Sources */ = {isa = PBXBuildFile; fileRef = 5198BA312A66D6D6006C6299 /* MyCardUITestsLaunchTests.swift */; };
		5198BA402A66DC06006C6299 /* Pacifico-Regular.ttf in Resources */ = {isa = PBXBuildFile; fileRef = 5198BA3F2A66DC06006C6299 /* Pacifico-Regular.ttf */; };
		5198BA412A66DC06006C6299 /* Pacifico-Regular.ttf in Resources */ = {isa = PBXBuildFile; fileRef = 5198BA3F2A66DC06006C6299 /* Pacifico-Regular.ttf */; };
		5198BA422A66DC06006C6299 /* Pacifico-Regular.ttf in Resources */ = {isa = PBXBuildFile; fileRef = 5198BA3F2A66DC06006C6299 /* Pacifico-Regular.ttf */; };
/* End PBXBuildFile section */

/* Begin PBXContainerItemProxy section */
		5198BA222A66D6D6006C6299 /* PBXContainerItemProxy */ = {
			isa = PBXContainerItemProxy;
			containerPortal = 5198BA082A66D6D5006C6299 /* Project object */;
			proxyType = 1;
			remoteGlobalIDString = 5198BA0F2A66D6D5006C6299;
			remoteInfo = MyCard;
		};
		5198BA2C2A66D6D6006C6299 /* PBXContainerItemProxy */ = {
			isa = PBXContainerItemProxy;
			containerPortal = 5198BA082A66D6D5006C6299 /* Project object */;
			proxyType = 1;
			remoteGlobalIDString = 5198BA0F2A66D6D5006C6299;
			remoteInfo = MyCard;
		};
/* End PBXContainerItemProxy section */

/* Begin PBXFileReference section */
		5198BA102A66D6D5006C6299 /* MyCard.app */ = {isa = PBXFileReference; explicitFileType = wrapper.application; includeInIndex = 0; path = MyCard.app; sourceTree = BUILT_PRODUCTS_DIR; };
		5198BA132A66D6D5006C6299 /* MyCardApp.swift */ = {isa = PBXFileReference; lastKnownFileType = sourcecode.swift; path = MyCardApp.swift; sourceTree = "<group>"; };
		5198BA152A66D6D5006C6299 /* ContentView.swift */ = {isa = PBXFileReference; lastKnownFileType = sourcecode.swift; path = ContentView.swift; sourceTree = "<group>"; };
		5198BA172A66D6D5006C6299 /* Assets.xcassets */ = {isa = PBXFileReference; lastKnownFileType = folder.assetcatalog; path = Assets.xcassets; sourceTree = "<group>"; };
		5198BA192A66D6D5006C6299 /* MyCard.entitlements */ = {isa = PBXFileReference; lastKnownFileType = text.plist.entitlements; path = MyCard.entitlements; sourceTree = "<group>"; };
		5198BA1B2A66D6D5006C6299 /* Preview Assets.xcassets */ = {isa = PBXFileReference; lastKnownFileType = folder.assetcatalog; path = "Preview Assets.xcassets"; sourceTree = "<group>"; };
		5198BA212A66D6D6006C6299 /* MyCardTests.xctest */ = {isa = PBXFileReference; explicitFileType = wrapper.cfbundle; includeInIndex = 0; path = MyCardTests.xctest; sourceTree = BUILT_PRODUCTS_DIR; };
		5198BA252A66D6D6006C6299 /* MyCardTests.swift */ = {isa = PBXFileReference; lastKnownFileType = sourcecode.swift; path = MyCardTests.swift; sourceTree = "<group>"; };
		5198BA2B2A66D6D6006C6299 /* MyCardUITests.xctest */ = {isa = PBXFileReference; explicitFileType = wrapper.cfbundle; includeInIndex = 0; path = MyCardUITests.xctest; sourceTree = BUILT_PRODUCTS_DIR; };
		5198BA2F2A66D6D6006C6299 /* MyCardUITests.swift */ = {isa = PBXFileReference; lastKnownFileType = sourcecode.swift; path = MyCardUITests.swift; sourceTree = "<group>"; };
		5198BA312A66D6D6006C6299 /* MyCardUITestsLaunchTests.swift */ = {isa = PBXFileReference; lastKnownFileType = sourcecode.swift; path = MyCardUITestsLaunchTests.swift; sourceTree = "<group>"; };
		5198BA3F2A66DC06006C6299 /* Pacifico-Regular.ttf */ = {isa = PBXFileReference; lastKnownFileType = file; name = "Pacifico-Regular.ttf"; path = "../../../Pacifico/Pacifico-Regular.ttf"; sourceTree = "<group>"; };
		5198BA432A66DC89006C6299 /* Info.plist */ = {isa = PBXFileReference; lastKnownFileType = text.plist; path = Info.plist; sourceTree = "<group>"; };
/* End PBXFileReference section */

/* Begin PBXFrameworksBuildPhase section */
		5198BA0D2A66D6D5006C6299 /* Frameworks */ = {
			isa = PBXFrameworksBuildPhase;
			buildActionMask = 2147483647;
			files = (
			);
			runOnlyForDeploymentPostprocessing = 0;
		};
		5198BA1E2A66D6D6006C6299 /* Frameworks */ = {
			isa = PBXFrameworksBuildPhase;
			buildActionMask = 2147483647;
			files = (
			);
			runOnlyForDeploymentPostprocessing = 0;
		};
		5198BA282A66D6D6006C6299 /* Frameworks */ = {
			isa = PBXFrameworksBuildPhase;
			buildActionMask = 2147483647;
			files = (
			);
			runOnlyForDeploymentPostprocessing = 0;
		};
/* End PBXFrameworksBuildPhase section */

/* Begin PBXGroup section */
		5198BA072A66D6D5006C6299 = {
			isa = PBXGroup;
			children = (
				5198BA122A66D6D5006C6299 /* MyCard */,
				5198BA242A66D6D6006C6299 /* MyCardTests */,
				5198BA2E2A66D6D6006C6299 /* MyCardUITests */,
				5198BA112A66D6D5006C6299 /* Products */,
			);
			sourceTree = "<group>";
		};
		5198BA112A66D6D5006C6299 /* Products */ = {
			isa = PBXGroup;
			children = (
				5198BA102A66D6D5006C6299 /* MyCard.app */,
				5198BA212A66D6D6006C6299 /* MyCardTests.xctest */,
				5198BA2B2A66D6D6006C6299 /* MyCardUITests.xctest */,
			);
			name = Products;
			sourceTree = "<group>";
		};
		5198BA122A66D6D5006C6299 /* MyCard */ = {
			isa = PBXGroup;
			children = (
				5198BA432A66DC89006C6299 /* Info.plist */,
				5198BA3E2A66DBB1006C6299 /* fonts */,
				5198BA132A66D6D5006C6299 /* MyCardApp.swift */,
				5198BA152A66D6D5006C6299 /* ContentView.swift */,
				5198BA172A66D6D5006C6299 /* Assets.xcassets */,
				5198BA192A66D6D5006C6299 /* MyCard.entitlements */,
				5198BA1A2A66D6D5006C6299 /* Preview Content */,
			);
			path = MyCard;
			sourceTree = "<group>";
		};
		5198BA1A2A66D6D5006C6299 /* Preview Content */ = {
			isa = PBXGroup;
			children = (
				5198BA1B2A66D6D5006C6299 /* Preview Assets.xcassets */,
			);
			path = "Preview Content";
			sourceTree = "<group>";
		};
		5198BA242A66D6D6006C6299 /* MyCardTests */ = {
			isa = PBXGroup;
			children = (
				5198BA252A66D6D6006C6299 /* MyCardTests.swift */,
			);
			path = MyCardTests;
			sourceTree = "<group>";
		};
		5198BA2E2A66D6D6006C6299 /* MyCardUITests */ = {
			isa = PBXGroup;
			children = (
				5198BA2F2A66D6D6006C6299 /* MyCardUITests.swift */,
				5198BA312A66D6D6006C6299 /* MyCardUITestsLaunchTests.swift */,
			);
			path = MyCardUITests;
			sourceTree = "<group>";
		};
		5198BA3E2A66DBB1006C6299 /* fonts */ = {
			isa = PBXGroup;
			children = (
				5198BA3F2A66DC06006C6299 /* Pacifico-Regular.ttf */,
			);
			path = fonts;
			sourceTree = "<group>";
		};
/* End PBXGroup section */

/* Begin PBXNativeTarget section */
		5198BA0F2A66D6D5006C6299 /* MyCard */ = {
			isa = PBXNativeTarget;
			buildConfigurationList = 5198BA352A66D6D6006C6299 /* Build configuration list for PBXNativeTarget "MyCard" */;
			buildPhases = (
				5198BA0C2A66D6D5006C6299 /* Sources */,
				5198BA0D2A66D6D5006C6299 /* Frameworks */,
				5198BA0E2A66D6D5006C6299 /* Resources */,
			);
			buildRules = (
			);
			dependencies = (
			);
			name = MyCard;
			productName = MyCard;
			productReference = 5198BA102A66D6D5006C6299 /* MyCard.app */;
			productType = "com.apple.product-type.application";
		};
		5198BA202A66D6D6006C6299 /* MyCardTests */ = {
			isa = PBXNativeTarget;
			buildConfigurationList = 5198BA382A66D6D6006C6299 /* Build configuration list for PBXNativeTarget "MyCardTests" */;
			buildPhases = (
				5198BA1D2A66D6D6006C6299 /* Sources */,
				5198BA1E2A66D6D6006C6299 /* Frameworks */,
				5198BA1F2A66D6D6006C6299 /* Resources */,
			);
			buildRules = (
			);
			dependencies = (
				5198BA232A66D6D6006C6299 /* PBXTargetDependency */,
			);
			name = MyCardTests;
			productName = MyCardTests;
			productReference = 5198BA212A66D6D6006C6299 /* MyCardTests.xctest */;
			productType = "com.apple.product-type.bundle.unit-test";
		};
		5198BA2A2A66D6D6006C6299 /* MyCardUITests */ = {
			isa = PBXNativeTarget;
			buildConfigurationList = 5198BA3B2A66D6D6006C6299 /* Build configuration list for PBXNativeTarget "MyCardUITests" */;
			buildPhases = (
				5198BA272A66D6D6006C6299 /* Sources */,
				5198BA282A66D6D6006C6299 /* Frameworks */,
				5198BA292A66D6D6006C6299 /* Resources */,
			);
			buildRules = (
			);
			dependencies = (
				5198BA2D2A66D6D6006C6299 /* PBXTargetDependency */,
			);
			name = MyCardUITests;
			productName = MyCardUITests;
			productReference = 5198BA2B2A66D6D6006C6299 /* MyCardUITests.xctest */;
			productType = "com.apple.product-type.bundle.ui-testing";
		};
/* End PBXNativeTarget section */

/* Begin PBXProject section */
		5198BA082A66D6D5006C6299 /* Project object */ = {
			isa = PBXProject;
			attributes = {
				BuildIndependentTargetsInParallel = 1;
				LastSwiftUpdateCheck = 1430;
				LastUpgradeCheck = 1430;
				TargetAttributes = {
					5198BA0F2A66D6D5006C6299 = {
						CreatedOnToolsVersion = 14.3.1;
					};
					5198BA202A66D6D6006C6299 = {
						CreatedOnToolsVersion = 14.3.1;
						TestTargetID = 5198BA0F2A66D6D5006C6299;
					};
					5198BA2A2A66D6D6006C6299 = {
						CreatedOnToolsVersion = 14.3.1;
						TestTargetID = 5198BA0F2A66D6D5006C6299;
					};
				};
			};
			buildConfigurationList = 5198BA0B2A66D6D5006C6299 /* Build configuration list for PBXProject "MyCard" */;
			compatibilityVersion = "Xcode 14.0";
			developmentRegion = en;
			hasScannedForEncodings = 0;
			knownRegions = (
				en,
				Base,
			);
			mainGroup = 5198BA072A66D6D5006C6299;
			productRefGroup = 5198BA112A66D6D5006C6299 /* Products */;
			projectDirPath = "";
			projectRoot = "";
			targets = (
				5198BA0F2A66D6D5006C6299 /* MyCard */,
				5198BA202A66D6D6006C6299 /* MyCardTests */,
				5198BA2A2A66D6D6006C6299 /* MyCardUITests */,
			);
		};
/* End PBXProject section */

/* Begin PBXResourcesBuildPhase section */
		5198BA0E2A66D6D5006C6299 /* Resources */ = {
			isa = PBXResourcesBuildPhase;
			buildActionMask = 2147483647;
			files = (
				5198BA402A66DC06006C6299 /* Pacifico-Regular.ttf in Resources */,
				5198BA1C2A66D6D5006C6299 /* Preview Assets.xcassets in Resources */,
				5198BA182A66D6D5006C6299 /* Assets.xcassets in Resources */,
			);
			runOnlyForDeploymentPostprocessing = 0;
		};
		5198BA1F2A66D6D6006C6299 /* Resources */ = {
			isa = PBXResourcesBuildPhase;
			buildActionMask = 2147483647;
			files = (
				5198BA412A66DC06006C6299 /* Pacifico-Regular.ttf in Resources */,
			);
			runOnlyForDeploymentPostprocessing = 0;
		};
		5198BA292A66D6D6006C6299 /* Resources */ = {
			isa = PBXResourcesBuildPhase;
			buildActionMask = 2147483647;
			files = (
				5198BA422A66DC06006C6299 /* Pacifico-Regular.ttf in Resources */,
			);
			runOnlyForDeploymentPostprocessing = 0;
		};
/* End PBXResourcesBuildPhase section */

/* Begin PBXSourcesBuildPhase section */
		5198BA0C2A66D6D5006C6299 /* Sources */ = {
			isa = PBXSourcesBuildPhase;
			buildActionMask = 2147483647;
			files = (
				5198BA162A66D6D5006C6299 /* ContentView.swift in Sources */,
				5198BA142A66D6D5006C6299 /* MyCardApp.swift in Sources */,
			);
			runOnlyForDeploymentPostprocessing = 0;
		};
		5198BA1D2A66D6D6006C6299 /* Sources */ = {
			isa = PBXSourcesBuildPhase;
			buildActionMask = 2147483647;
			files = (
				5198BA262A66D6D6006C6299 /* MyCardTests.swift in Sources */,
			);
			runOnlyForDeploymentPostprocessing = 0;
		};
		5198BA272A66D6D6006C6299 /* Sources */ = {
			isa = PBXSourcesBuildPhase;
			buildActionMask = 2147483647;
			files = (
				5198BA322A66D6D6006C6299 /* MyCardUITestsLaunchTests.swift in Sources */,
				5198BA302A66D6D6006C6299 /* MyCardUITests.swift in Sources */,
			);
			runOnlyForDeploymentPostprocessing = 0;
		};
/* End PBXSourcesBuildPhase section */

/* Begin PBXTargetDependency section */
		5198BA232A66D6D6006C6299 /* PBXTargetDependency */ = {
			isa = PBXTargetDependency;
			target = 5198BA0F2A66D6D5006C6299 /* MyCard */;
			targetProxy = 5198BA222A66D6D6006C6299 /* PBXContainerItemProxy */;
		};
		5198BA2D2A66D6D6006C6299 /* PBXTargetDependency */ = {
			isa = PBXTargetDependency;
			target = 5198BA0F2A66D6D5006C6299 /* MyCard */;
			targetProxy = 5198BA2C2A66D6D6006C6299 /* PBXContainerItemProxy */;
		};
/* End PBXTargetDependency section */

/* Begin XCBuildConfiguration section */
		5198BA332A66D6D6006C6299 /* Debug */ = {
			isa = XCBuildConfiguration;
			buildSettings = {
				ALWAYS_SEARCH_USER_PATHS = NO;
				CLANG_ANALYZER_NONNULL = YES;
				CLANG_ANALYZER_NUMBER_OBJECT_CONVERSION = YES_AGGRESSIVE;
				CLANG_CXX_LANGUAGE_STANDARD = "gnu++20";
				CLANG_ENABLE_MODULES = YES;
				CLANG_ENABLE_OBJC_ARC = YES;
				CLANG_ENABLE_OBJC_WEAK = YES;
				CLANG_WARN_BLOCK_CAPTURE_AUTORELEASING = YES;
				CLANG_WARN_BOOL_CONVERSION = YES;
				CLANG_WARN_COMMA = YES;
				CLANG_WARN_CONSTANT_CONVERSION = YES;
				CLANG_WARN_DEPRECATED_OBJC_IMPLEMENTATIONS = YES;
				CLANG_WARN_DIRECT_OBJC_ISA_USAGE = YES_ERROR;
				CLANG_WARN_DOCUMENTATION_COMMENTS = YES;
				CLANG_WARN_EMPTY_BODY = YES;
				CLANG_WARN_ENUM_CONVERSION = YES;
				CLANG_WARN_INFINITE_RECURSION = YES;
				CLANG_WARN_INT_CONVERSION = YES;
				CLANG_WARN_NON_LITERAL_NULL_CONVERSION = YES;
				CLANG_WARN_OBJC_IMPLICIT_RETAIN_SELF = YES;
				CLANG_WARN_OBJC_LITERAL_CONVERSION = YES;
				CLANG_WARN_OBJC_ROOT_CLASS = YES_ERROR;
				CLANG_WARN_QUOTED_INCLUDE_IN_FRAMEWORK_HEADER = YES;
				CLANG_WARN_RANGE_LOOP_ANALYSIS = YES;
				CLANG_WARN_STRICT_PROTOTYPES = YES;
				CLANG_WARN_SUSPICIOUS_MOVE = YES;
				CLANG_WARN_UNGUARDED_AVAILABILITY = YES_AGGRESSIVE;
				CLANG_WARN_UNREACHABLE_CODE = YES;
				CLANG_WARN__DUPLICATE_METHOD_MATCH = YES;
				COPY_PHASE_STRIP = NO;
				DEBUG_INFORMATION_FORMAT = dwarf;
				ENABLE_STRICT_OBJC_MSGSEND = YES;
				ENABLE_TESTABILITY = YES;
				GCC_C_LANGUAGE_STANDARD = gnu11;
				GCC_DYNAMIC_NO_PIC = NO;
				GCC_NO_COMMON_BLOCKS = YES;
				GCC_OPTIMIZATION_LEVEL = 0;
				GCC_PREPROCESSOR_DEFINITIONS = (
					"DEBUG=1",
					"$(inherited)",
				);
				GCC_WARN_64_TO_32_BIT_CONVERSION = YES;
				GCC_WARN_ABOUT_RETURN_TYPE = YES_ERROR;
				GCC_WARN_UNDECLARED_SELECTOR = YES;
				GCC_WARN_UNINITIALIZED_AUTOS = YES_AGGRESSIVE;
				GCC_WARN_UNUSED_FUNCTION = YES;
				GCC_WARN_UNUSED_VARIABLE = YES;
				MTL_ENABLE_DEBUG_INFO = INCLUDE_SOURCE;
				MTL_FAST_MATH = YES;
				ONLY_ACTIVE_ARCH = YES;
				SWIFT_ACTIVE_COMPILATION_CONDITIONS = DEBUG;
				SWIFT_OPTIMIZATION_LEVEL = "-Onone";
			};
			name = Debug;
		};
		5198BA342A66D6D6006C6299 /* Release */ = {
			isa = XCBuildConfiguration;
			buildSettings = {
				ALWAYS_SEARCH_USER_PATHS = NO;
				CLANG_ANALYZER_NONNULL = YES;
				CLANG_ANALYZER_NUMBER_OBJECT_CONVERSION = YES_AGGRESSIVE;
				CLANG_CXX_LANGUAGE_STANDARD = "gnu++20";
				CLANG_ENABLE_MODULES = YES;
				CLANG_ENABLE_OBJC_ARC = YES;
				CLANG_ENABLE_OBJC_WEAK = YES;
				CLANG_WARN_BLOCK_CAPTURE_AUTORELEASING = YES;
				CLANG_WARN_BOOL_CONVERSION = YES;
				CLANG_WARN_COMMA = YES;
				CLANG_WARN_CONSTANT_CONVERSION = YES;
				CLANG_WARN_DEPRECATED_OBJC_IMPLEMENTATIONS = YES;
				CLANG_WARN_DIRECT_OBJC_ISA_USAGE = YES_ERROR;
				CLANG_WARN_DOCUMENTATION_COMMENTS = YES;
				CLANG_WARN_EMPTY_BODY = YES;
				CLANG_WARN_ENUM_CONVERSION = YES;
				CLANG_WARN_INFINITE_RECURSION = YES;
				CLANG_WARN_INT_CONVERSION = YES;
				CLANG_WARN_NON_LITERAL_NULL_CONVERSION = YES;
				CLANG_WARN_OBJC_IMPLICIT_RETAIN_SELF = YES;
				CLANG_WARN_OBJC_LITERAL_CONVERSION = YES;
				CLANG_WARN_OBJC_ROOT_CLASS = YES_ERROR;
				CLANG_WARN_QUOTED_INCLUDE_IN_FRAMEWORK_HEADER = YES;
				CLANG_WARN_RANGE_LOOP_ANALYSIS = YES;
				CLANG_WARN_STRICT_PROTOTYPES = YES;
				CLANG_WARN_SUSPICIOUS_MOVE = YES;
				CLANG_WARN_UNGUARDED_AVAILABILITY = YES_AGGRESSIVE;
				CLANG_WARN_UNREACHABLE_CODE = YES;
				CLANG_WARN__DUPLICATE_METHOD_MATCH = YES;
				COPY_PHASE_STRIP = NO;
				DEBUG_INFORMATION_FORMAT = "dwarf-with-dsym";
				ENABLE_NS_ASSERTIONS = NO;
				ENABLE_STRICT_OBJC_MSGSEND = YES;
				GCC_C_LANGUAGE_STANDARD = gnu11;
				GCC_NO_COMMON_BLOCKS = YES;
				GCC_WARN_64_TO_32_BIT_CONVERSION = YES;
				GCC_WARN_ABOUT_RETURN_TYPE = YES_ERROR;
				GCC_WARN_UNDECLARED_SELECTOR = YES;
				GCC_WARN_UNINITIALIZED_AUTOS = YES_AGGRESSIVE;
				GCC_WARN_UNUSED_FUNCTION = YES;
				GCC_WARN_UNUSED_VARIABLE = YES;
				MTL_ENABLE_DEBUG_INFO = NO;
				MTL_FAST_MATH = YES;
				SWIFT_COMPILATION_MODE = wholemodule;
				SWIFT_OPTIMIZATION_LEVEL = "-O";
			};
			name = Release;
		};
		5198BA362A66D6D6006C6299 /* Debug */ = {
			isa = XCBuildConfiguration;
			buildSettings = {
				ASSETCATALOG_COMPILER_APPICON_NAME = AppIcon;
				ASSETCATALOG_COMPILER_GLOBAL_ACCENT_COLOR_NAME = AccentColor;
				CODE_SIGN_ENTITLEMENTS = MyCard/MyCard.entitlements;
				CODE_SIGN_STYLE = Automatic;
				CURRENT_PROJECT_VERSION = 1;
				DEVELOPMENT_ASSET_PATHS = "\"MyCard/Preview Content\"";
				ENABLE_PREVIEWS = YES;
				GENERATE_INFOPLIST_FILE = YES;
				INFOPLIST_FILE = MyCard/Info.plist;
				"INFOPLIST_KEY_UIApplicationSceneManifest_Generation[sdk=iphoneos*]" = YES;
				"INFOPLIST_KEY_UIApplicationSceneManifest_Generation[sdk=iphonesimulator*]" = YES;
				"INFOPLIST_KEY_UIApplicationSupportsIndirectInputEvents[sdk=iphoneos*]" = YES;
				"INFOPLIST_KEY_UIApplicationSupportsIndirectInputEvents[sdk=iphonesimulator*]" = YES;
				"INFOPLIST_KEY_UILaunchScreen_Generation[sdk=iphoneos*]" = YES;
				"INFOPLIST_KEY_UILaunchScreen_Generation[sdk=iphonesimulator*]" = YES;
				"INFOPLIST_KEY_UIStatusBarStyle[sdk=iphoneos*]" = UIStatusBarStyleDefault;
				"INFOPLIST_KEY_UIStatusBarStyle[sdk=iphonesimulator*]" = UIStatusBarStyleDefault;
				INFOPLIST_KEY_UISupportedInterfaceOrientations_iPad = "UIInterfaceOrientationPortrait UIInterfaceOrientationPortraitUpsideDown UIInterfaceOrientationLandscapeLeft UIInterfaceOrientationLandscapeRight";
				INFOPLIST_KEY_UISupportedInterfaceOrientations_iPhone = "UIInterfaceOrientationPortrait UIInterfaceOrientationLandscapeLeft UIInterfaceOrientationLandscapeRight";
				IPHONEOS_DEPLOYMENT_TARGET = 16.4;
				LD_RUNPATH_SEARCH_PATHS = "@executable_path/Frameworks";
				"LD_RUNPATH_SEARCH_PATHS[sdk=macosx*]" = "@executable_path/../Frameworks";
				MACOSX_DEPLOYMENT_TARGET = 13.3;
				MARKETING_VERSION = 1.0;
				PRODUCT_BUNDLE_IDENTIFIER = com.Shubham.MyCard;
				PRODUCT_NAME = "$(TARGET_NAME)";
				SDKROOT = auto;
				SUPPORTED_PLATFORMS = "iphoneos iphonesimulator macosx";
				SWIFT_EMIT_LOC_STRINGS = YES;
				SWIFT_VERSION = 5.0;
				TARGETED_DEVICE_FAMILY = "1,2";
			};
			name = Debug;
		};
		5198BA372A66D6D6006C6299 /* Release */ = {
			isa = XCBuildConfiguration;
			buildSettings = {
				ASSETCATALOG_COMPILER_APPICON_NAME = AppIcon;
				ASSETCATALOG_COMPILER_GLOBAL_ACCENT_COLOR_NAME = AccentColor;
				CODE_SIGN_ENTITLEMENTS = MyCard/MyCard.entitlements;
				CODE_SIGN_STYLE = Automatic;
				CURRENT_PROJECT_VERSION = 1;
				DEVELOPMENT_ASSET_PATHS = "\"MyCard/Preview Content\"";
				ENABLE_PREVIEWS = YES;
				GENERATE_INFOPLIST_FILE = YES;
				INFOPLIST_FILE = MyCard/Info.plist;
				"INFOPLIST_KEY_UIApplicationSceneManifest_Generation[sdk=iphoneos*]" = YES;
				"INFOPLIST_KEY_UIApplicationSceneManifest_Generation[sdk=iphonesimulator*]" = YES;
				"INFOPLIST_KEY_UIApplicationSupportsIndirectInputEvents[sdk=iphoneos*]" = YES;
				"INFOPLIST_KEY_UIApplicationSupportsIndirectInputEvents[sdk=iphonesimulator*]" = YES;
				"INFOPLIST_KEY_UILaunchScreen_Generation[sdk=iphoneos*]" = YES;
				"INFOPLIST_KEY_UILaunchScreen_Generation[sdk=iphonesimulator*]" = YES;
				"INFOPLIST_KEY_UIStatusBarStyle[sdk=iphoneos*]" = UIStatusBarStyleDefault;
				"INFOPLIST_KEY_UIStatusBarStyle[sdk=iphonesimulator*]" = UIStatusBarStyleDefault;
				INFOPLIST_KEY_UISupportedInterfaceOrientations_iPad = "UIInterfaceOrientationPortrait UIInterfaceOrientationPortraitUpsideDown UIInterfaceOrientationLandscapeLeft UIInterfaceOrientationLandscapeRight";
				INFOPLIST_KEY_UISupportedInterfaceOrientations_iPhone = "UIInterfaceOrientationPortrait UIInterfaceOrientationLandscapeLeft UIInterfaceOrientationLandscapeRight";
				IPHONEOS_DEPLOYMENT_TARGET = 16.4;
				LD_RUNPATH_SEARCH_PATHS = "@executable_path/Frameworks";
				"LD_RUNPATH_SEARCH_PATHS[sdk=macosx*]" = "@executable_path/../Frameworks";
				MACOSX_DEPLOYMENT_TARGET = 13.3;
				MARKETING_VERSION = 1.0;
				PRODUCT_BUNDLE_IDENTIFIER = com.Shubham.MyCard;
				PRODUCT_NAME = "$(TARGET_NAME)";
				SDKROOT = auto;
				SUPPORTED_PLATFORMS = "iphoneos iphonesimulator macosx";
				SWIFT_EMIT_LOC_STRINGS = YES;
				SWIFT_VERSION = 5.0;
				TARGETED_DEVICE_FAMILY = "1,2";
			};
			name = Release;
		};
		5198BA392A66D6D6006C6299 /* Debug */ = {
			isa = XCBuildConfiguration;
			buildSettings = {
				ALWAYS_EMBED_SWIFT_STANDARD_LIBRARIES = YES;
				BUNDLE_LOADER = "$(TEST_HOST)";
				CODE_SIGN_STYLE = Automatic;
				CURRENT_PROJECT_VERSION = 1;
				GENERATE_INFOPLIST_FILE = YES;
				IPHONEOS_DEPLOYMENT_TARGET = 16.4;
				MACOSX_DEPLOYMENT_TARGET = 13.3;
				MARKETING_VERSION = 1.0;
				PRODUCT_BUNDLE_IDENTIFIER = com.Shubham.MyCardTests;
				PRODUCT_NAME = "$(TARGET_NAME)";
				SDKROOT = auto;
				SUPPORTED_PLATFORMS = "iphoneos iphonesimulator macosx";
				SWIFT_EMIT_LOC_STRINGS = NO;
				SWIFT_VERSION = 5.0;
				TARGETED_DEVICE_FAMILY = "1,2";
				TEST_HOST = "$(BUILT_PRODUCTS_DIR)/MyCard.app/$(BUNDLE_EXECUTABLE_FOLDER_PATH)/MyCard";
			};
			name = Debug;
		};
		5198BA3A2A66D6D6006C6299 /* Release */ = {
			isa = XCBuildConfiguration;
			buildSettings = {
				ALWAYS_EMBED_SWIFT_STANDARD_LIBRARIES = YES;
				BUNDLE_LOADER = "$(TEST_HOST)";
				CODE_SIGN_STYLE = Automatic;
				CURRENT_PROJECT_VERSION = 1;
				GENERATE_INFOPLIST_FILE = YES;
				IPHONEOS_DEPLOYMENT_TARGET = 16.4;
				MACOSX_DEPLOYMENT_TARGET = 13.3;
				MARKETING_VERSION = 1.0;
				PRODUCT_BUNDLE_IDENTIFIER = com.Shubham.MyCardTests;
				PRODUCT_NAME = "$(TARGET_NAME)";
				SDKROOT = auto;
				SUPPORTED_PLATFORMS = "iphoneos iphonesimulator macosx";
				SWIFT_EMIT_LOC_STRINGS = NO;
				SWIFT_VERSION = 5.0;
				TARGETED_DEVICE_FAMILY = "1,2";
				TEST_HOST = "$(BUILT_PRODUCTS_DIR)/MyCard.app/$(BUNDLE_EXECUTABLE_FOLDER_PATH)/MyCard";
			};
			name = Release;
		};
		5198BA3C2A66D6D6006C6299 /* Debug */ = {
			isa = XCBuildConfiguration;
			buildSettings = {
				ALWAYS_EMBED_SWIFT_STANDARD_LIBRARIES = YES;
				CODE_SIGN_STYLE = Automatic;
				CURRENT_PROJECT_VERSION = 1;
				GENERATE_INFOPLIST_FILE = YES;
				IPHONEOS_DEPLOYMENT_TARGET = 16.4;
				MACOSX_DEPLOYMENT_TARGET = 13.3;
				MARKETING_VERSION = 1.0;
				PRODUCT_BUNDLE_IDENTIFIER = com.Shubham.MyCardUITests;
				PRODUCT_NAME = "$(TARGET_NAME)";
				SDKROOT = auto;
				SUPPORTED_PLATFORMS = "iphoneos iphonesimulator macosx";
				SWIFT_EMIT_LOC_STRINGS = NO;
				SWIFT_VERSION = 5.0;
				TARGETED_DEVICE_FAMILY = "1,2";
				TEST_TARGET_NAME = MyCard;
			};
			name = Debug;
		};
		5198BA3D2A66D6D6006C6299 /* Release */ = {
			isa = XCBuildConfiguration;
			buildSettings = {
				ALWAYS_EMBED_SWIFT_STANDARD_LIBRARIES = YES;
				CODE_SIGN_STYLE = Automatic;
				CURRENT_PROJECT_VERSION = 1;
				GENERATE_INFOPLIST_FILE = YES;
				IPHONEOS_DEPLOYMENT_TARGET = 16.4;
				MACOSX_DEPLOYMENT_TARGET = 13.3;
				MARKETING_VERSION = 1.0;
				PRODUCT_BUNDLE_IDENTIFIER = com.Shubham.MyCardUITests;
				PRODUCT_NAME = "$(TARGET_NAME)";
				SDKROOT = auto;
				SUPPORTED_PLATFORMS = "iphoneos iphonesimulator macosx";
				SWIFT_EMIT_LOC_STRINGS = NO;
				SWIFT_VERSION = 5.0;
				TARGETED_DEVICE_FAMILY = "1,2";
				TEST_TARGET_NAME = MyCard;
			};
			name = Release;
		};
/* End XCBuildConfiguration section */

/* Begin XCConfigurationList section */
		5198BA0B2A66D6D5006C6299 /* Build configuration list for PBXProject "MyCard" */ = {
			isa = XCConfigurationList;
			buildConfigurations = (
				5198BA332A66D6D6006C6299 /* Debug */,
				5198BA342A66D6D6006C6299 /* Release */,
			);
			defaultConfigurationIsVisible = 0;
			defaultConfigurationName = Release;
		};
		5198BA352A66D6D6006C6299 /* Build configuration list for PBXNativeTarget "MyCard" */ = {
			isa = XCConfigurationList;
			buildConfigurations = (
				5198BA362A66D6D6006C6299 /* Debug */,
				5198BA372A66D6D6006C6299 /* Release */,
			);
			defaultConfigurationIsVisible = 0;
			defaultConfigurationName = Release;
		};
		5198BA382A66D6D6006C6299 /* Build configuration list for PBXNativeTarget "MyCardTests" */ = {
			isa = XCConfigurationList;
			buildConfigurations = (
				5198BA392A66D6D6006C6299 /* Debug */,
				5198BA3A2A66D6D6006C6299 /* Release */,
			);
			defaultConfigurationIsVisible = 0;
			defaultConfigurationName = Release;
		};
		5198BA3B2A66D6D6006C6299 /* Build configuration list for PBXNativeTarget "MyCardUITests" */ = {
			isa = XCConfigurationList;
			buildConfigurations = (
				5198BA3C2A66D6D6006C6299 /* Debug */,
				5198BA3D2A66D6D6006C6299 /* Release */,
			);
			defaultConfigurationIsVisible = 0;
			defaultConfigurationName = Release;
		};
/* End XCConfigurationList section */
	};
	rootObject = 5198BA082A66D6D5006C6299 /* Project object */;
}
